
Microsoft Visual Studio Solution File, Format Version 12.00
# Visual Studio 2013
VisualStudioVersion = 12.0.40629.0
MinimumVisualStudioVersion = 10.0.40219.1
Project("{FAE04EC0-301F-11D3-BF4B-00C04F79EFBC}") = "JQluv.NetworkScanner.Plugin", "JQluv.NetworkScanner.Plugin\JQluv.NetworkScanner.Plugin.csproj", "{CD8A239D-34BC-4AD2-A9C1-BC045635D3FC}"
EndProject
Project("{FAE04EC0-301F-11D3-BF4B-00C04F79EFBC}") = "JQluv.NetworkScanner.UnitTest", "JQluv.NetworkScanner.UnitTest\JQluv.NetworkScanner.UnitTest.csproj", "{65CB354E-D8AC-4366-9E4B-811D4170223A}"
EndProject
Global
	GlobalSection(SolutionConfigurationPlatforms) = preSolution
		Debug|Any CPU = Debug|Any CPU
		Release|Any CPU = Release|Any CPU
	EndGlobalSection
	GlobalSection(ProjectConfigurationPlatforms) = postSolution
		{CD8A239D-34BC-4AD2-A9C1-BC045635D3FC}.Debug|Any CPU.ActiveCfg = Debug|Any CPU
		{CD8A239D-34BC-4AD2-A9C1-BC045635D3FC}.Debug|Any CPU.Build.0 = Debug|Any CPU
		{CD8A239D-34BC-4AD2-A9C1-BC045635D3FC}.Release|Any CPU.ActiveCfg = Release|Any CPU
		{CD8A239D-34BC-4AD2-A9C1-BC045635D3FC}.Release|Any CPU.Build.0 = Release|Any CPU
		{65CB354E-D8AC-4366-9E4B-811D4170223A}.Debug|Any CPU.ActiveCfg = Debug|Any CPU
		{65CB354E-D8AC-4366-9E4B-811D4170223A}.Debug|Any CPU.Build.0 = Debug|Any CPU
		{65CB354E-D8AC-4366-9E4B-811D4170223A}.Release|Any CPU.ActiveCfg = Release|Any CPU
		{65CB354E-D8AC-4366-9E4B-811D4170223A}.Release|Any CPU.Build.0 = Release|Any CPU
	EndGlobalSection
	GlobalSection(SolutionProperties) = preSolution
		HideSolutionNode = FALSE
	EndGlobalSection
EndGlobal
